{
  "nodes": {
    "flake-utils": {
      "inputs": {
        "systems": "systems"
      },
      "locked": {
        "lastModified": 1705309234,
        "narHash": "sha256-uNRRNRKmJyCRC/8y1RqBkqWBLM034y4qN7EprSdmgyA=",
        "owner": "numtide",
        "repo": "flake-utils",
        "rev": "1ef2e671c3b0c19053962c07dbda38332dcebf26",
        "type": "github"
      },
      "original": {
        "owner": "numtide",
        "repo": "flake-utils",
        "type": "github"
      }
    },
    "nixpkgs": {
      "locked": {
        "lastModified": 1714594073,
        "narHash": "sha256-OLAQxKV8q4ata/pHHnxtMzd9a+HyHNKMK+9ZUMWG21E=",
        "owner": "nixos",
        "repo": "nixpkgs",
        "rev": "4ffaf69f5f50da972eec1a288b38e3a7a08bb0a5",
        "type": "github"
      },
      "original": {
        "owner": "nixos",
        "ref": "release-23.11",
        "repo": "nixpkgs",
        "type": "github"
      }
    },
    "root": {
      "inputs": {
        "flake-utils": "flake-utils",
        "nixpkgs": "nixpkgs",
        "unison": "unison"
      }
    },
    "systems": {
      "locked": {
        "lastModified": 1681028828,
        "narHash": "sha256-Vy1rq5AaRuLzOxct8nz4T6wlgyUR7zLU309k9mBC768=",
        "owner": "nix-systems",
        "repo": "default",
        "rev": "da67096a3b9bf56a91d16901293e51ba5b49a27e",
        "type": "github"
      },
      "original": {
        "owner": "nix-systems",
        "repo": "default",
        "type": "github"
      }
    },
    "unison": {
      "flake": false,
      "locked": {
        "lastModified": 1705440587,
        "narHash": "sha256-FUP9nld0uhm2A8cisZeTggsrJQU7BlJ7Wkf71srbAZs=",
        "owner": "unisonweb",
        "repo": "unison",
        "rev": "f991abe291b1bf36734d36bb9c9a7196c9ea7ffe",
        "type": "github"
      },
      "original": {
        "owner": "unisonweb",
        "repo": "unison",
        "type": "github"
      }
    }
  },
  "root": "root",
  "version": 7
}
